
Microsoft Visual Studio Solution File, Format Version 12.00
# Visual Studio Version 16
VisualStudioVersion = 16.0.29709.97
MinimumVisualStudioVersion = 10.0.40219.1
Project("{2150E333-8FDC-42A3-9474-1A3956D46DE8}") = "WebApi", "WebApi", "{6F7130CA-3F60-45F0-81AF-4C9DEEC6408D}"
EndProject
Project("{9A19103F-16F7-4668-BE54-9A1E7A4F7556}") = "WebApi", "WebApi\WebApi.csproj", "{774CED4F-9CE1-43FC-9902-5BF1D2E92F56}"
EndProject
Global
	GlobalSection(SolutionConfigurationPlatforms) = preSolution
		Debug|Any CPU = Debug|Any CPU
		Release|Any CPU = Release|Any CPU
	EndGlobalSection
	GlobalSection(ProjectConfigurationPlatforms) = postSolution
		{774CED4F-9CE1-43FC-9902-5BF1D2E92F56}.Debug|Any CPU.ActiveCfg = Debug|Any CPU
		{774CED4F-9CE1-43FC-9902-5BF1D2E92F56}.Debug|Any CPU.Build.0 = Debug|Any CPU
		{774CED4F-9CE1-43FC-9902-5BF1D2E92F56}.Release|Any CPU.ActiveCfg = Release|Any CPU
		{774CED4F-9CE1-43FC-9902-5BF1D2E92F56}.Release|Any CPU.Build.0 = Release|Any CPU
	EndGlobalSection
	GlobalSection(SolutionProperties) = preSolution
		HideSolutionNode = FALSE
	EndGlobalSection
	GlobalSection(NestedProjects) = preSolution
		{774CED4F-9CE1-43FC-9902-5BF1D2E92F56} = {6F7130CA-3F60-45F0-81AF-4C9DEEC6408D}
	EndGlobalSection
	GlobalSection(ExtensibilityGlobals) = postSolution
		SolutionGuid = {B65A73B7-271B-4276-8916-ADBDE275BBCD}
	EndGlobalSection
EndGlobal
